
Microsoft Visual Studio Solution File, Format Version 12.00
# Visual Studio Version 17
VisualStudioVersion = 17.11.35327.3
MinimumVisualStudioVersion = 10.0.40219.1
Project("{9A19103F-16F7-4668-BE54-9A1E7A4F7556}") = "QualificationCoursesExam", "QualificationCoursesExam.csproj", "{727A43E4-95A6-48A9-B4E5-8756DEBADFF7}"
EndProject
Project("{2150E333-8FDC-42A3-9474-1A3956D46DE8}") = "Элементы решения", "Элементы решения", "{C9787CD8-1F4E-4104-B050-CBEEEB9A4F2E}"
	ProjectSection(SolutionItems) = preProject
		.gitignore = .gitignore
	EndProjectSection
EndProject
Global
	GlobalSection(SolutionConfigurationPlatforms) = preSolution
		Debug|Any CPU = Debug|Any CPU
		Release|Any CPU = Release|Any CPU
	EndGlobalSection
	GlobalSection(ProjectConfigurationPlatforms) = postSolution
		{727A43E4-95A6-48A9-B4E5-8756DEBADFF7}.Debug|Any CPU.ActiveCfg = Debug|Any CPU
		{727A43E4-95A6-48A9-B4E5-8756DEBADFF7}.Debug|Any CPU.Build.0 = Debug|Any CPU
		{727A43E4-95A6-48A9-B4E5-8756DEBADFF7}.Release|Any CPU.ActiveCfg = Release|Any CPU
		{727A43E4-95A6-48A9-B4E5-8756DEBADFF7}.Release|Any CPU.Build.0 = Release|Any CPU
	EndGlobalSection
	GlobalSection(SolutionProperties) = preSolution
		HideSolutionNode = FALSE
	EndGlobalSection
	GlobalSection(ExtensibilityGlobals) = postSolution
		SolutionGuid = {FA9B19EF-3DAD-41A1-99B3-55EB4743A8BE}
	EndGlobalSection
EndGlobal
